
Microsoft Visual Studio Solution File, Format Version 12.00
# Visual Studio Express 14 for Windows Desktop
VisualStudioVersion = 14.0.23107.0
MinimumVisualStudioVersion = 10.0.40219.1
Project("{FAE04EC0-301F-11D3-BF4B-00C04F79EFBC}") = "KeyBoardControlLibrary", "Src\KeyBoardControl\KeyBoardControlLibrary.csproj", "{77839D7E-243F-4733-A62A-65AF0D237528}"
EndProject
Project("{FAE04EC0-301F-11D3-BF4B-00C04F79EFBC}") = "MrKeys", "Src\Core\MrKeys.csproj", "{0A19EB61-6915-4380-AB0A-2E041FD90235}"
EndProject
Project("{FAE04EC0-301F-11D3-BF4B-00C04F79EFBC}") = "Common", "Src\Common\Common.csproj", "{4FD22659-3465-47D6-86B1-F8B52E0CD688}"
EndProject
Project("{FAE04EC0-301F-11D3-BF4B-00C04F79EFBC}") = "MusicXml", "ThirdParty\MusicXML.Net\MusicXml\MusicXml.csproj", "{42ACDD70-26DA-4737-B490-282A21B170E6}"
EndProject
Project("{FAE04EC0-301F-11D3-BF4B-00C04F79EFBC}") = "ScoreControlLibrary", "Src\ScoreControlLibrary\ScoreControlLibrary.csproj", "{C5517C73-37F5-44D7-90A6-B9F259AB4508}"
EndProject
Project("{FAE04EC0-301F-11D3-BF4B-00C04F79EFBC}") = "Sanford.Multimedia.Midi", "..\Sanford.Multimedia.Midi\Midi\Sanford.Multimedia.Midi.csproj", "{4269C72A-8D3A-4737-8F89-72EAA33EA9E1}"
EndProject
Global
	GlobalSection(SolutionConfigurationPlatforms) = preSolution
		Debug|Any CPU = Debug|Any CPU
		Debug|Mixed Platforms = Debug|Mixed Platforms
		Debug|x86 = Debug|x86
		Release|Any CPU = Release|Any CPU
		Release|Mixed Platforms = Release|Mixed Platforms
		Release|x86 = Release|x86
	EndGlobalSection
	GlobalSection(ProjectConfigurationPlatforms) = postSolution
		{77839D7E-243F-4733-A62A-65AF0D237528}.Debug|Any CPU.ActiveCfg = Debug|Any CPU
		{77839D7E-243F-4733-A62A-65AF0D237528}.Debug|Any CPU.Build.0 = Debug|Any CPU
		{77839D7E-243F-4733-A62A-65AF0D237528}.Debug|Mixed Platforms.ActiveCfg = Debug|Any CPU
		{77839D7E-243F-4733-A62A-65AF0D237528}.Debug|Mixed Platforms.Build.0 = Debug|Any CPU
		{77839D7E-243F-4733-A62A-65AF0D237528}.Debug|x86.ActiveCfg = Debug|x86
		{77839D7E-243F-4733-A62A-65AF0D237528}.Debug|x86.Build.0 = Debug|x86
		{77839D7E-243F-4733-A62A-65AF0D237528}.Release|Any CPU.ActiveCfg = Release|x86
		{77839D7E-243F-4733-A62A-65AF0D237528}.Release|Mixed Platforms.ActiveCfg = Release|x86
		{77839D7E-243F-4733-A62A-65AF0D237528}.Release|Mixed Platforms.Build.0 = Release|x86
		{77839D7E-243F-4733-A62A-65AF0D237528}.Release|x86.ActiveCfg = Release|x86
		{77839D7E-243F-4733-A62A-65AF0D237528}.Release|x86.Build.0 = Release|x86
		{0A19EB61-6915-4380-AB0A-2E041FD90235}.Debug|Any CPU.ActiveCfg = Debug|Any CPU
		{0A19EB61-6915-4380-AB0A-2E041FD90235}.Debug|Any CPU.Build.0 = Debug|Any CPU
		{0A19EB61-6915-4380-AB0A-2E041FD90235}.Debug|Mixed Platforms.ActiveCfg = Debug|Any CPU
		{0A19EB61-6915-4380-AB0A-2E041FD90235}.Debug|Mixed Platforms.Build.0 = Debug|Any CPU
		{0A19EB61-6915-4380-AB0A-2E041FD90235}.Debug|x86.ActiveCfg = Debug|x86
		{0A19EB61-6915-4380-AB0A-2E041FD90235}.Debug|x86.Build.0 = Debug|x86
		{0A19EB61-6915-4380-AB0A-2E041FD90235}.Release|Any CPU.ActiveCfg = Release|x86
		{0A19EB61-6915-4380-AB0A-2E041FD90235}.Release|Mixed Platforms.ActiveCfg = Release|x86
		{0A19EB61-6915-4380-AB0A-2E041FD90235}.Release|Mixed Platforms.Build.0 = Release|x86
		{0A19EB61-6915-4380-AB0A-2E041FD90235}.Release|x86.ActiveCfg = Release|x86
		{0A19EB61-6915-4380-AB0A-2E041FD90235}.Release|x86.Build.0 = Release|x86
		{4FD22659-3465-47D6-86B1-F8B52E0CD688}.Debug|Any CPU.ActiveCfg = Debug|Any CPU
		{4FD22659-3465-47D6-86B1-F8B52E0CD688}.Debug|Any CPU.Build.0 = Debug|Any CPU
		{4FD22659-3465-47D6-86B1-F8B52E0CD688}.Debug|Mixed Platforms.ActiveCfg = Debug|Any CPU
		{4FD22659-3465-47D6-86B1-F8B52E0CD688}.Debug|Mixed Platforms.Build.0 = Debug|Any CPU
		{4FD22659-3465-47D6-86B1-F8B52E0CD688}.Debug|x86.ActiveCfg = Debug|Any CPU
		{4FD22659-3465-47D6-86B1-F8B52E0CD688}.Release|Any CPU.ActiveCfg = Release|Any CPU
		{4FD22659-3465-47D6-86B1-F8B52E0CD688}.Release|Any CPU.Build.0 = Release|Any CPU
		{4FD22659-3465-47D6-86B1-F8B52E0CD688}.Release|Mixed Platforms.ActiveCfg = Release|Any CPU
		{4FD22659-3465-47D6-86B1-F8B52E0CD688}.Release|Mixed Platforms.Build.0 = Release|Any CPU
		{4FD22659-3465-47D6-86B1-F8B52E0CD688}.Release|x86.ActiveCfg = Release|Any CPU
		{42ACDD70-26DA-4737-B490-282A21B170E6}.Debug|Any CPU.ActiveCfg = Debug|Any CPU
		{42ACDD70-26DA-4737-B490-282A21B170E6}.Debug|Any CPU.Build.0 = Debug|Any CPU
		{42ACDD70-26DA-4737-B490-282A21B170E6}.Debug|Mixed Platforms.ActiveCfg = Debug|Any CPU
		{42ACDD70-26DA-4737-B490-282A21B170E6}.Debug|Mixed Platforms.Build.0 = Debug|Any CPU
		{42ACDD70-26DA-4737-B490-282A21B170E6}.Debug|x86.ActiveCfg = Debug|Any CPU
		{42ACDD70-26DA-4737-B490-282A21B170E6}.Release|Any CPU.ActiveCfg = Release|Any CPU
		{42ACDD70-26DA-4737-B490-282A21B170E6}.Release|Any CPU.Build.0 = Release|Any CPU
		{42ACDD70-26DA-4737-B490-282A21B170E6}.Release|Mixed Platforms.ActiveCfg = Release|Any CPU
		{42ACDD70-26DA-4737-B490-282A21B170E6}.Release|Mixed Platforms.Build.0 = Release|Any CPU
		{42ACDD70-26DA-4737-B490-282A21B170E6}.Release|x86.ActiveCfg = Release|Any CPU
		{C5517C73-37F5-44D7-90A6-B9F259AB4508}.Debug|Any CPU.ActiveCfg = Debug|Any CPU
		{C5517C73-37F5-44D7-90A6-B9F259AB4508}.Debug|Any CPU.Build.0 = Debug|Any CPU
		{C5517C73-37F5-44D7-90A6-B9F259AB4508}.Debug|Mixed Platforms.ActiveCfg = Debug|Any CPU
		{C5517C73-37F5-44D7-90A6-B9F259AB4508}.Debug|Mixed Platforms.Build.0 = Debug|Any CPU
		{C5517C73-37F5-44D7-90A6-B9F259AB4508}.Debug|x86.ActiveCfg = Debug|Any CPU
		{C5517C73-37F5-44D7-90A6-B9F259AB4508}.Release|Any CPU.ActiveCfg = Release|Any CPU
		{C5517C73-37F5-44D7-90A6-B9F259AB4508}.Release|Any CPU.Build.0 = Release|Any CPU
		{C5517C73-37F5-44D7-90A6-B9F259AB4508}.Release|Mixed Platforms.ActiveCfg = Release|Any CPU
		{C5517C73-37F5-44D7-90A6-B9F259AB4508}.Release|Mixed Platforms.Build.0 = Release|Any CPU
		{C5517C73-37F5-44D7-90A6-B9F259AB4508}.Release|x86.ActiveCfg = Release|Any CPU
		{4269C72A-8D3A-4737-8F89-72EAA33EA9E1}.Debug|Any CPU.ActiveCfg = Debug|Any CPU
		{4269C72A-8D3A-4737-8F89-72EAA33EA9E1}.Debug|Any CPU.Build.0 = Debug|Any CPU
		{4269C72A-8D3A-4737-8F89-72EAA33EA9E1}.Debug|Mixed Platforms.ActiveCfg = Debug|Any CPU
		{4269C72A-8D3A-4737-8F89-72EAA33EA9E1}.Debug|Mixed Platforms.Build.0 = Debug|Any CPU
		{4269C72A-8D3A-4737-8F89-72EAA33EA9E1}.Debug|x86.ActiveCfg = Debug|Any CPU
		{4269C72A-8D3A-4737-8F89-72EAA33EA9E1}.Debug|x86.Build.0 = Debug|Any CPU
		{4269C72A-8D3A-4737-8F89-72EAA33EA9E1}.Release|Any CPU.ActiveCfg = Release|Any CPU
		{4269C72A-8D3A-4737-8F89-72EAA33EA9E1}.Release|Any CPU.Build.0 = Release|Any CPU
		{4269C72A-8D3A-4737-8F89-72EAA33EA9E1}.Release|Mixed Platforms.ActiveCfg = Release|Any CPU
		{4269C72A-8D3A-4737-8F89-72EAA33EA9E1}.Release|Mixed Platforms.Build.0 = Release|Any CPU
		{4269C72A-8D3A-4737-8F89-72EAA33EA9E1}.Release|x86.ActiveCfg = Release|Any CPU
		{4269C72A-8D3A-4737-8F89-72EAA33EA9E1}.Release|x86.Build.0 = Release|Any CPU
	EndGlobalSection
	GlobalSection(SolutionProperties) = preSolution
		HideSolutionNode = FALSE
	EndGlobalSection
	GlobalSection(ExtensibilityGlobals) = postSolution
		EnterpriseLibraryConfigurationToolBinariesPath = packages\Unity.2.1.505.2\lib\NET35
	EndGlobalSection
EndGlobal
